// !$*UTF8*$!
{
	archiveVersion = 1;
	classes = {
	};
	objectVersion = 56;
	objects = {

/* Begin PBXBuildFile section */
		195616F92C400C4600B80C37 /* ImageService.swift in Sources */ = {isa = PBXBuildFile; fileRef = 195616F82C400C4600B80C37 /* ImageService.swift */; };
		195616FA2C400C4600B80C37 /* ImageService.swift in Sources */ = {isa = PBXBuildFile; fileRef = 195616F82C400C4600B80C37 /* ImageService.swift */; };
		1973741C2C40805E00B425C8 /* ProductDetailsView.swift in Sources */ = {isa = PBXBuildFile; fileRef = 1973741B2C40805E00B425C8 /* ProductDetailsView.swift */; };
		1973741D2C40805E00B425C8 /* ProductDetailsView.swift in Sources */ = {isa = PBXBuildFile; fileRef = 1973741B2C40805E00B425C8 /* ProductDetailsView.swift */; };
		1973741F2C40937000B425C8 /* ProductDetailsViewModel.swift in Sources */ = {isa = PBXBuildFile; fileRef = 1973741E2C40937000B425C8 /* ProductDetailsViewModel.swift */; };
		197374202C40937000B425C8 /* ProductDetailsViewModel.swift in Sources */ = {isa = PBXBuildFile; fileRef = 1973741E2C40937000B425C8 /* ProductDetailsViewModel.swift */; };
		197374242C40A2C400B425C8 /* PriceView.swift in Sources */ = {isa = PBXBuildFile; fileRef = 197374232C40A2C400B425C8 /* PriceView.swift */; };
		197374252C40A2C400B425C8 /* PriceView.swift in Sources */ = {isa = PBXBuildFile; fileRef = 197374232C40A2C400B425C8 /* PriceView.swift */; };
		197374272C40A3DE00B425C8 /* VariantsView.swift in Sources */ = {isa = PBXBuildFile; fileRef = 197374262C40A3DE00B425C8 /* VariantsView.swift */; };
		197374282C40A3DE00B425C8 /* VariantsView.swift in Sources */ = {isa = PBXBuildFile; fileRef = 197374262C40A3DE00B425C8 /* VariantsView.swift */; };
		1973742A2C40A4B000B425C8 /* DescriptionView.swift in Sources */ = {isa = PBXBuildFile; fileRef = 197374292C40A4B000B425C8 /* DescriptionView.swift */; };
		1973742B2C40A4B000B425C8 /* DescriptionView.swift in Sources */ = {isa = PBXBuildFile; fileRef = 197374292C40A4B000B425C8 /* DescriptionView.swift */; };
		1973742D2C40A94600B425C8 /* AddToBascketView.swift in Sources */ = {isa = PBXBuildFile; fileRef = 1973742C2C40A94600B425C8 /* AddToBascketView.swift */; };
		1973742E2C40A94600B425C8 /* AddToBascketView.swift in Sources */ = {isa = PBXBuildFile; fileRef = 1973742C2C40A94600B425C8 /* AddToBascketView.swift */; };
		19BF95702C40C27300CB7E97 /* ProductImageView.swift in Sources */ = {isa = PBXBuildFile; fileRef = 19BF956F2C40C27300CB7E97 /* ProductImageView.swift */; };
		19BF95712C40C27300CB7E97 /* ProductImageView.swift in Sources */ = {isa = PBXBuildFile; fileRef = 19BF956F2C40C27300CB7E97 /* ProductImageView.swift */; };
		19BF95732C40C7AD00CB7E97 /* FavouriteService.swift in Sources */ = {isa = PBXBuildFile; fileRef = 19BF95722C40C7AD00CB7E97 /* FavouriteService.swift */; };
		19BF95742C40C7AD00CB7E97 /* FavouriteService.swift in Sources */ = {isa = PBXBuildFile; fileRef = 19BF95722C40C7AD00CB7E97 /* FavouriteService.swift */; };
		C954E58D2C3EAC0700DCBD64 /* int_bonprixApp.swift in Sources */ = {isa = PBXBuildFile; fileRef = C954E58C2C3EAC0700DCBD64 /* int_bonprixApp.swift */; };
		C954E5912C3EAC0B00DCBD64 /* Assets.xcassets in Resources */ = {isa = PBXBuildFile; fileRef = C954E5902C3EAC0B00DCBD64 /* Assets.xcassets */; };
		C954E5952C3EAC0B00DCBD64 /* Preview Assets.xcassets in Resources */ = {isa = PBXBuildFile; fileRef = C954E5942C3EAC0B00DCBD64 /* Preview Assets.xcassets */; };
		C954E59F2C3EAC0B00DCBD64 /* int_bonprixTests.swift in Sources */ = {isa = PBXBuildFile; fileRef = C954E59E2C3EAC0B00DCBD64 /* int_bonprixTests.swift */; };
		C954E5A92C3EAC0B00DCBD64 /* int_bonprixUITests.swift in Sources */ = {isa = PBXBuildFile; fileRef = C954E5A82C3EAC0B00DCBD64 /* int_bonprixUITests.swift */; };
		C954E5AB2C3EAC0B00DCBD64 /* int_bonprixUITestsLaunchTests.swift in Sources */ = {isa = PBXBuildFile; fileRef = C954E5AA2C3EAC0B00DCBD64 /* int_bonprixUITestsLaunchTests.swift */; };
		C991FF452C3EBBEF002FAC05 /* Price.swift in Sources */ = {isa = PBXBuildFile; fileRef = C991FF412C3EBBEF002FAC05 /* Price.swift */; };
		C991FF462C3EBBEF002FAC05 /* Price.swift in Sources */ = {isa = PBXBuildFile; fileRef = C991FF412C3EBBEF002FAC05 /* Price.swift */; };
		C991FF472C3EBBEF002FAC05 /* Product.swift in Sources */ = {isa = PBXBuildFile; fileRef = C991FF422C3EBBEF002FAC05 /* Product.swift */; };
		C991FF482C3EBBEF002FAC05 /* Product.swift in Sources */ = {isa = PBXBuildFile; fileRef = C991FF422C3EBBEF002FAC05 /* Product.swift */; };
		C991FF492C3EBBEF002FAC05 /* Variant.swift in Sources */ = {isa = PBXBuildFile; fileRef = C991FF432C3EBBEF002FAC05 /* Variant.swift */; };
		C991FF4A2C3EBBEF002FAC05 /* Variant.swift in Sources */ = {isa = PBXBuildFile; fileRef = C991FF432C3EBBEF002FAC05 /* Variant.swift */; };
		C991FF4C2C3EBE6A002FAC05 /* MockProducts.json in Resources */ = {isa = PBXBuildFile; fileRef = C991FF4B2C3EBE6A002FAC05 /* MockProducts.json */; };
		C991FF4D2C3EBE6A002FAC05 /* MockProducts.json in Resources */ = {isa = PBXBuildFile; fileRef = C991FF4B2C3EBE6A002FAC05 /* MockProducts.json */; };
		C991FF502C3EC0CB002FAC05 /* RouterView.swift in Sources */ = {isa = PBXBuildFile; fileRef = C991FF4F2C3EC0CB002FAC05 /* RouterView.swift */; };
		C991FF512C3EC0CB002FAC05 /* RouterView.swift in Sources */ = {isa = PBXBuildFile; fileRef = C991FF4F2C3EC0CB002FAC05 /* RouterView.swift */; };
		C991FF532C3EC102002FAC05 /* Router.swift in Sources */ = {isa = PBXBuildFile; fileRef = C991FF522C3EC102002FAC05 /* Router.swift */; };
		C991FF542C3EC103002FAC05 /* Router.swift in Sources */ = {isa = PBXBuildFile; fileRef = C991FF522C3EC102002FAC05 /* Router.swift */; };
		C991FF5A2C3EFC9F002FAC05 /* ProductListView.swift in Sources */ = {isa = PBXBuildFile; fileRef = C991FF592C3EFC9F002FAC05 /* ProductListView.swift */; };
		C991FF5B2C3EFC9F002FAC05 /* ProductListView.swift in Sources */ = {isa = PBXBuildFile; fileRef = C991FF592C3EFC9F002FAC05 /* ProductListView.swift */; };
		C991FF5D2C3EFCC5002FAC05 /* ProductListViewModel.swift in Sources */ = {isa = PBXBuildFile; fileRef = C991FF5C2C3EFCC5002FAC05 /* ProductListViewModel.swift */; };
		C991FF5E2C3EFCC5002FAC05 /* ProductListViewModel.swift in Sources */ = {isa = PBXBuildFile; fileRef = C991FF5C2C3EFCC5002FAC05 /* ProductListViewModel.swift */; };
		C991FF602C3EFD3F002FAC05 /* Router+ProductList.swift in Sources */ = {isa = PBXBuildFile; fileRef = C991FF5F2C3EFD3F002FAC05 /* Router+ProductList.swift */; };
		C991FF612C3EFD3F002FAC05 /* Router+ProductList.swift in Sources */ = {isa = PBXBuildFile; fileRef = C991FF5F2C3EFD3F002FAC05 /* Router+ProductList.swift */; };
		C991FF632C3EFDC5002FAC05 /* ProductService.swift in Sources */ = {isa = PBXBuildFile; fileRef = C991FF622C3EFDC5002FAC05 /* ProductService.swift */; };
		C991FF642C3EFDC5002FAC05 /* ProductService.swift in Sources */ = {isa = PBXBuildFile; fileRef = C991FF622C3EFDC5002FAC05 /* ProductService.swift */; };
		C991FF662C3EFDDB002FAC05 /* ProductServiceProtocol.swift in Sources */ = {isa = PBXBuildFile; fileRef = C991FF652C3EFDDB002FAC05 /* ProductServiceProtocol.swift */; };
		C991FF672C3EFDDB002FAC05 /* ProductServiceProtocol.swift in Sources */ = {isa = PBXBuildFile; fileRef = C991FF652C3EFDDB002FAC05 /* ProductServiceProtocol.swift */; };
		C991FF6A2C3EFE9E002FAC05 /* ProductCellView.swift in Sources */ = {isa = PBXBuildFile; fileRef = C991FF692C3EFE9E002FAC05 /* ProductCellView.swift */; };
		C991FF6B2C3EFE9E002FAC05 /* ProductCellView.swift in Sources */ = {isa = PBXBuildFile; fileRef = C991FF692C3EFE9E002FAC05 /* ProductCellView.swift */; };
		C991FF6D2C3EFEB1002FAC05 /* ProductCellViewModel.swift in Sources */ = {isa = PBXBuildFile; fileRef = C991FF6C2C3EFEB1002FAC05 /* ProductCellViewModel.swift */; };
		C991FF6E2C3EFEB1002FAC05 /* ProductCellViewModel.swift in Sources */ = {isa = PBXBuildFile; fileRef = C991FF6C2C3EFEB1002FAC05 /* ProductCellViewModel.swift */; };
		C996C3BB2C3EB767006C79C6 /* APIEndpoint.swift in Sources */ = {isa = PBXBuildFile; fileRef = C996C3BA2C3EB767006C79C6 /* APIEndpoint.swift */; };
		C996C3BD2C3EB975006C79C6 /* HTTPService.swift in Sources */ = {isa = PBXBuildFile; fileRef = C996C3BC2C3EB975006C79C6 /* HTTPService.swift */; };
		C996C3BF2C3EB997006C79C6 /* NetworkService.swift in Sources */ = {isa = PBXBuildFile; fileRef = C996C3BE2C3EB997006C79C6 /* NetworkService.swift */; };
		C9C1BC942C3F0A1C004F603B /* ProductListMockService.swift in Sources */ = {isa = PBXBuildFile; fileRef = C9C1BC932C3F0A1C004F603B /* ProductListMockService.swift */; };
		C9C1BC952C3F0A7B004F603B /* APIEndpoint.swift in Sources */ = {isa = PBXBuildFile; fileRef = C996C3BA2C3EB767006C79C6 /* APIEndpoint.swift */; };
		C9C1BC972C3F0AAD004F603B /* ProductListViewModelTests.swift in Sources */ = {isa = PBXBuildFile; fileRef = C9C1BC962C3F0AAD004F603B /* ProductListViewModelTests.swift */; };
/* End PBXBuildFile section */

/* Begin PBXContainerItemProxy section */
		C954E59B2C3EAC0B00DCBD64 /* PBXContainerItemProxy */ = {
			isa = PBXContainerItemProxy;
			containerPortal = C954E5812C3EAC0700DCBD64 /* Project object */;
			proxyType = 1;
			remoteGlobalIDString = C954E5882C3EAC0700DCBD64;
			remoteInfo = "int-bonprix";
		};
		C954E5A52C3EAC0B00DCBD64 /* PBXContainerItemProxy */ = {
			isa = PBXContainerItemProxy;
			containerPortal = C954E5812C3EAC0700DCBD64 /* Project object */;
			proxyType = 1;
			remoteGlobalIDString = C954E5882C3EAC0700DCBD64;
			remoteInfo = "int-bonprix";
		};
/* End PBXContainerItemProxy section */

/* Begin PBXFileReference section */
		195616F82C400C4600B80C37 /* ImageService.swift */ = {isa = PBXFileReference; lastKnownFileType = sourcecode.swift; path = ImageService.swift; sourceTree = "<group>"; };
		1973741B2C40805E00B425C8 /* ProductDetailsView.swift */ = {isa = PBXFileReference; lastKnownFileType = sourcecode.swift; path = ProductDetailsView.swift; sourceTree = "<group>"; };
		1973741E2C40937000B425C8 /* ProductDetailsViewModel.swift */ = {isa = PBXFileReference; lastKnownFileType = sourcecode.swift; path = ProductDetailsViewModel.swift; sourceTree = "<group>"; };
		197374232C40A2C400B425C8 /* PriceView.swift */ = {isa = PBXFileReference; lastKnownFileType = sourcecode.swift; path = PriceView.swift; sourceTree = "<group>"; };
		197374262C40A3DE00B425C8 /* VariantsView.swift */ = {isa = PBXFileReference; lastKnownFileType = sourcecode.swift; path = VariantsView.swift; sourceTree = "<group>"; };
		197374292C40A4B000B425C8 /* DescriptionView.swift */ = {isa = PBXFileReference; lastKnownFileType = sourcecode.swift; path = DescriptionView.swift; sourceTree = "<group>"; };
		1973742C2C40A94600B425C8 /* AddToBascketView.swift */ = {isa = PBXFileReference; lastKnownFileType = sourcecode.swift; path = AddToBascketView.swift; sourceTree = "<group>"; };
		19BF956F2C40C27300CB7E97 /* ProductImageView.swift */ = {isa = PBXFileReference; lastKnownFileType = sourcecode.swift; path = ProductImageView.swift; sourceTree = "<group>"; };
		19BF95722C40C7AD00CB7E97 /* FavouriteService.swift */ = {isa = PBXFileReference; lastKnownFileType = sourcecode.swift; path = FavouriteService.swift; sourceTree = "<group>"; };
		C954E5892C3EAC0700DCBD64 /* int-bonprix.app */ = {isa = PBXFileReference; explicitFileType = wrapper.application; includeInIndex = 0; path = "int-bonprix.app"; sourceTree = BUILT_PRODUCTS_DIR; };
		C954E58C2C3EAC0700DCBD64 /* int_bonprixApp.swift */ = {isa = PBXFileReference; lastKnownFileType = sourcecode.swift; path = int_bonprixApp.swift; sourceTree = "<group>"; };
		C954E5902C3EAC0B00DCBD64 /* Assets.xcassets */ = {isa = PBXFileReference; lastKnownFileType = folder.assetcatalog; path = Assets.xcassets; sourceTree = "<group>"; };
		C954E5922C3EAC0B00DCBD64 /* int_bonprix.entitlements */ = {isa = PBXFileReference; lastKnownFileType = text.plist.entitlements; path = int_bonprix.entitlements; sourceTree = "<group>"; };
		C954E5942C3EAC0B00DCBD64 /* Preview Assets.xcassets */ = {isa = PBXFileReference; lastKnownFileType = folder.assetcatalog; path = "Preview Assets.xcassets"; sourceTree = "<group>"; };
		C954E59A2C3EAC0B00DCBD64 /* int-bonprixTests.xctest */ = {isa = PBXFileReference; explicitFileType = wrapper.cfbundle; includeInIndex = 0; path = "int-bonprixTests.xctest"; sourceTree = BUILT_PRODUCTS_DIR; };
		C954E59E2C3EAC0B00DCBD64 /* int_bonprixTests.swift */ = {isa = PBXFileReference; lastKnownFileType = sourcecode.swift; path = int_bonprixTests.swift; sourceTree = "<group>"; };
		C954E5A42C3EAC0B00DCBD64 /* int-bonprixUITests.xctest */ = {isa = PBXFileReference; explicitFileType = wrapper.cfbundle; includeInIndex = 0; path = "int-bonprixUITests.xctest"; sourceTree = BUILT_PRODUCTS_DIR; };
		C954E5A82C3EAC0B00DCBD64 /* int_bonprixUITests.swift */ = {isa = PBXFileReference; lastKnownFileType = sourcecode.swift; path = int_bonprixUITests.swift; sourceTree = "<group>"; };
		C954E5AA2C3EAC0B00DCBD64 /* int_bonprixUITestsLaunchTests.swift */ = {isa = PBXFileReference; lastKnownFileType = sourcecode.swift; path = int_bonprixUITestsLaunchTests.swift; sourceTree = "<group>"; };
		C991FF412C3EBBEF002FAC05 /* Price.swift */ = {isa = PBXFileReference; fileEncoding = 4; lastKnownFileType = sourcecode.swift; path = Price.swift; sourceTree = "<group>"; };
		C991FF422C3EBBEF002FAC05 /* Product.swift */ = {isa = PBXFileReference; fileEncoding = 4; lastKnownFileType = sourcecode.swift; path = Product.swift; sourceTree = "<group>"; };
		C991FF432C3EBBEF002FAC05 /* Variant.swift */ = {isa = PBXFileReference; fileEncoding = 4; lastKnownFileType = sourcecode.swift; path = Variant.swift; sourceTree = "<group>"; };
		C991FF4B2C3EBE6A002FAC05 /* MockProducts.json */ = {isa = PBXFileReference; lastKnownFileType = text.json; name = MockProducts.json; path = "int-bonprix/MockProducts.json"; sourceTree = SOURCE_ROOT; };
		C991FF4F2C3EC0CB002FAC05 /* RouterView.swift */ = {isa = PBXFileReference; lastKnownFileType = sourcecode.swift; path = RouterView.swift; sourceTree = "<group>"; };
		C991FF522C3EC102002FAC05 /* Router.swift */ = {isa = PBXFileReference; lastKnownFileType = sourcecode.swift; path = Router.swift; sourceTree = "<group>"; };
		C991FF592C3EFC9F002FAC05 /* ProductListView.swift */ = {isa = PBXFileReference; lastKnownFileType = sourcecode.swift; path = ProductListView.swift; sourceTree = "<group>"; };
		C991FF5C2C3EFCC5002FAC05 /* ProductListViewModel.swift */ = {isa = PBXFileReference; lastKnownFileType = sourcecode.swift; path = ProductListViewModel.swift; sourceTree = "<group>"; };
		C991FF5F2C3EFD3F002FAC05 /* Router+ProductList.swift */ = {isa = PBXFileReference; lastKnownFileType = sourcecode.swift; path = "Router+ProductList.swift"; sourceTree = "<group>"; };
		C991FF622C3EFDC5002FAC05 /* ProductService.swift */ = {isa = PBXFileReference; lastKnownFileType = sourcecode.swift; path = ProductService.swift; sourceTree = "<group>"; };
		C991FF652C3EFDDB002FAC05 /* ProductServiceProtocol.swift */ = {isa = PBXFileReference; lastKnownFileType = sourcecode.swift; path = ProductServiceProtocol.swift; sourceTree = "<group>"; };
		C991FF692C3EFE9E002FAC05 /* ProductCellView.swift */ = {isa = PBXFileReference; lastKnownFileType = sourcecode.swift; path = ProductCellView.swift; sourceTree = "<group>"; };
		C991FF6C2C3EFEB1002FAC05 /* ProductCellViewModel.swift */ = {isa = PBXFileReference; lastKnownFileType = sourcecode.swift; path = ProductCellViewModel.swift; sourceTree = "<group>"; };
		C996C3BA2C3EB767006C79C6 /* APIEndpoint.swift */ = {isa = PBXFileReference; lastKnownFileType = sourcecode.swift; path = APIEndpoint.swift; sourceTree = "<group>"; };
		C996C3BC2C3EB975006C79C6 /* HTTPService.swift */ = {isa = PBXFileReference; lastKnownFileType = sourcecode.swift; path = HTTPService.swift; sourceTree = "<group>"; };
		C996C3BE2C3EB997006C79C6 /* NetworkService.swift */ = {isa = PBXFileReference; lastKnownFileType = sourcecode.swift; path = NetworkService.swift; sourceTree = "<group>"; };
		C9C1BC932C3F0A1C004F603B /* ProductListMockService.swift */ = {isa = PBXFileReference; lastKnownFileType = sourcecode.swift; path = ProductListMockService.swift; sourceTree = "<group>"; };
		C9C1BC962C3F0AAD004F603B /* ProductListViewModelTests.swift */ = {isa = PBXFileReference; lastKnownFileType = sourcecode.swift; path = ProductListViewModelTests.swift; sourceTree = "<group>"; };
/* End PBXFileReference section */

/* Begin PBXFrameworksBuildPhase section */
		C954E5862C3EAC0700DCBD64 /* Frameworks */ = {
			isa = PBXFrameworksBuildPhase;
			buildActionMask = 2147483647;
			files = (
			);
			runOnlyForDeploymentPostprocessing = 0;
		};
		C954E5972C3EAC0B00DCBD64 /* Frameworks */ = {
			isa = PBXFrameworksBuildPhase;
			buildActionMask = 2147483647;
			files = (
			);
			runOnlyForDeploymentPostprocessing = 0;
		};
		C954E5A12C3EAC0B00DCBD64 /* Frameworks */ = {
			isa = PBXFrameworksBuildPhase;
			buildActionMask = 2147483647;
			files = (
			);
			runOnlyForDeploymentPostprocessing = 0;
		};
/* End PBXFrameworksBuildPhase section */

/* Begin PBXGroup section */
		197374212C40937800B425C8 /* Views */ = {
			isa = PBXGroup;
			children = (
				197374232C40A2C400B425C8 /* PriceView.swift */,
				197374262C40A3DE00B425C8 /* VariantsView.swift */,
				197374292C40A4B000B425C8 /* DescriptionView.swift */,
				1973742C2C40A94600B425C8 /* AddToBascketView.swift */,
				19BF956F2C40C27300CB7E97 /* ProductImageView.swift */,
			);
			path = Views;
			sourceTree = "<group>";
		};
		197374222C4095FC00B425C8 /* Services */ = {
			isa = PBXGroup;
			children = (
				C991FF622C3EFDC5002FAC05 /* ProductService.swift */,
				C991FF652C3EFDDB002FAC05 /* ProductServiceProtocol.swift */,
			);
			path = Services;
			sourceTree = "<group>";
		};
		C954E5802C3EAC0700DCBD64 = {
			isa = PBXGroup;
			children = (
				C954E58B2C3EAC0700DCBD64 /* int-bonprix */,
				C954E59D2C3EAC0B00DCBD64 /* int-bonprixTests */,
				C954E5A72C3EAC0B00DCBD64 /* int-bonprixUITests */,
				C954E58A2C3EAC0700DCBD64 /* Products */,
			);
			sourceTree = "<group>";
		};
		C954E58A2C3EAC0700DCBD64 /* Products */ = {
			isa = PBXGroup;
			children = (
				C954E5892C3EAC0700DCBD64 /* int-bonprix.app */,
				C954E59A2C3EAC0B00DCBD64 /* int-bonprixTests.xctest */,
				C954E5A42C3EAC0B00DCBD64 /* int-bonprixUITests.xctest */,
			);
			name = Products;
			sourceTree = "<group>";
		};
		C954E58B2C3EAC0700DCBD64 /* int-bonprix */ = {
			isa = PBXGroup;
			children = (
				C954E5B72C3EB26000DCBD64 /* Modules */,
				C991FF442C3EBBEF002FAC05 /* Models */,
				C954E5B92C3EB34E00DCBD64 /* Network */,
				C954E5B82C3EB33C00DCBD64 /* Common */,
				C954E58C2C3EAC0700DCBD64 /* int_bonprixApp.swift */,
				C954E5902C3EAC0B00DCBD64 /* Assets.xcassets */,
				C954E5922C3EAC0B00DCBD64 /* int_bonprix.entitlements */,
				C954E5932C3EAC0B00DCBD64 /* Preview Content */,
			);
			path = "int-bonprix";
			sourceTree = "<group>";
		};
		C954E5932C3EAC0B00DCBD64 /* Preview Content */ = {
			isa = PBXGroup;
			children = (
				C954E5942C3EAC0B00DCBD64 /* Preview Assets.xcassets */,
			);
			path = "Preview Content";
			sourceTree = "<group>";
		};
		C954E59D2C3EAC0B00DCBD64 /* int-bonprixTests */ = {
			isa = PBXGroup;
			children = (
				C9C1BC922C3F09B1004F603B /* ProductListTests */,
				C954E59E2C3EAC0B00DCBD64 /* int_bonprixTests.swift */,
			);
			path = "int-bonprixTests";
			sourceTree = "<group>";
		};
		C954E5A72C3EAC0B00DCBD64 /* int-bonprixUITests */ = {
			isa = PBXGroup;
			children = (
				C954E5A82C3EAC0B00DCBD64 /* int_bonprixUITests.swift */,
				C954E5AA2C3EAC0B00DCBD64 /* int_bonprixUITestsLaunchTests.swift */,
			);
			path = "int-bonprixUITests";
			sourceTree = "<group>";
		};
		C954E5B72C3EB26000DCBD64 /* Modules */ = {
			isa = PBXGroup;
			children = (
				C991FF4E2C3EC09B002FAC05 /* Router */,
				197374222C4095FC00B425C8 /* Services */,
				C991FF552C3EFC38002FAC05 /* ProductList */,
				C954E5BA2C3EB36600DCBD64 /* ProductDetails */,
			);
			path = Modules;
			sourceTree = "<group>";
		};
		C954E5B82C3EB33C00DCBD64 /* Common */ = {
			isa = PBXGroup;
			children = (
				C991FF4B2C3EBE6A002FAC05 /* MockProducts.json */,
				195616F82C400C4600B80C37 /* ImageService.swift */,
			);
			path = Common;
			sourceTree = "<group>";
		};
		C954E5B92C3EB34E00DCBD64 /* Network */ = {
			isa = PBXGroup;
			children = (
				C996C3BA2C3EB767006C79C6 /* APIEndpoint.swift */,
				C996C3BC2C3EB975006C79C6 /* HTTPService.swift */,
				C996C3BE2C3EB997006C79C6 /* NetworkService.swift */,
			);
			path = Network;
			sourceTree = "<group>";
		};
		C954E5BA2C3EB36600DCBD64 /* ProductDetails */ = {
			isa = PBXGroup;
			children = (
				197374212C40937800B425C8 /* Views */,
				1973741B2C40805E00B425C8 /* ProductDetailsView.swift */,
				1973741E2C40937000B425C8 /* ProductDetailsViewModel.swift */,
				19BF95722C40C7AD00CB7E97 /* FavouriteService.swift */,
			);
			path = ProductDetails;
			sourceTree = "<group>";
		};
		C991FF442C3EBBEF002FAC05 /* Models */ = {
			isa = PBXGroup;
			children = (
				C991FF412C3EBBEF002FAC05 /* Price.swift */,
				C991FF422C3EBBEF002FAC05 /* Product.swift */,
				C991FF432C3EBBEF002FAC05 /* Variant.swift */,
			);
			path = Models;
			sourceTree = "<group>";
		};
		C991FF4E2C3EC09B002FAC05 /* Router */ = {
			isa = PBXGroup;
			children = (
				C991FF4F2C3EC0CB002FAC05 /* RouterView.swift */,
				C991FF522C3EC102002FAC05 /* Router.swift */,
			);
			path = Router;
			sourceTree = "<group>";
		};
		C991FF552C3EFC38002FAC05 /* ProductList */ = {
			isa = PBXGroup;
			children = (
				C991FF682C3EFE79002FAC05 /* Cells */,
				C991FF5F2C3EFD3F002FAC05 /* Router+ProductList.swift */,
				C991FF592C3EFC9F002FAC05 /* ProductListView.swift */,
				C991FF5C2C3EFCC5002FAC05 /* ProductListViewModel.swift */,
			);
			path = ProductList;
			sourceTree = "<group>";
		};
		C991FF682C3EFE79002FAC05 /* Cells */ = {
			isa = PBXGroup;
			children = (
				C991FF692C3EFE9E002FAC05 /* ProductCellView.swift */,
				C991FF6C2C3EFEB1002FAC05 /* ProductCellViewModel.swift */,
			);
			path = Cells;
			sourceTree = "<group>";
		};
		C9C1BC922C3F09B1004F603B /* ProductListTests */ = {
			isa = PBXGroup;
			children = (
				C9C1BC932C3F0A1C004F603B /* ProductListMockService.swift */,
				C9C1BC962C3F0AAD004F603B /* ProductListViewModelTests.swift */,
			);
			path = ProductListTests;
			sourceTree = "<group>";
		};
/* End PBXGroup section */

/* Begin PBXNativeTarget section */
		C954E5882C3EAC0700DCBD64 /* int-bonprix */ = {
			isa = PBXNativeTarget;
			buildConfigurationList = C954E5AE2C3EAC0B00DCBD64 /* Build configuration list for PBXNativeTarget "int-bonprix" */;
			buildPhases = (
				C954E5852C3EAC0700DCBD64 /* Sources */,
				C954E5862C3EAC0700DCBD64 /* Frameworks */,
				C954E5872C3EAC0700DCBD64 /* Resources */,
			);
			buildRules = (
			);
			dependencies = (
			);
			name = "int-bonprix";
			productName = "int-bonprix";
			productReference = C954E5892C3EAC0700DCBD64 /* int-bonprix.app */;
			productType = "com.apple.product-type.application";
		};
		C954E5992C3EAC0B00DCBD64 /* int-bonprixTests */ = {
			isa = PBXNativeTarget;
			buildConfigurationList = C954E5B12C3EAC0B00DCBD64 /* Build configuration list for PBXNativeTarget "int-bonprixTests" */;
			buildPhases = (
				C954E5962C3EAC0B00DCBD64 /* Sources */,
				C954E5972C3EAC0B00DCBD64 /* Frameworks */,
				C954E5982C3EAC0B00DCBD64 /* Resources */,
			);
			buildRules = (
			);
			dependencies = (
				C954E59C2C3EAC0B00DCBD64 /* PBXTargetDependency */,
			);
			name = "int-bonprixTests";
			productName = "int-bonprixTests";
			productReference = C954E59A2C3EAC0B00DCBD64 /* int-bonprixTests.xctest */;
			productType = "com.apple.product-type.bundle.unit-test";
		};
		C954E5A32C3EAC0B00DCBD64 /* int-bonprixUITests */ = {
			isa = PBXNativeTarget;
			buildConfigurationList = C954E5B42C3EAC0B00DCBD64 /* Build configuration list for PBXNativeTarget "int-bonprixUITests" */;
			buildPhases = (
				C954E5A02C3EAC0B00DCBD64 /* Sources */,
				C954E5A12C3EAC0B00DCBD64 /* Frameworks */,
				C954E5A22C3EAC0B00DCBD64 /* Resources */,
			);
			buildRules = (
			);
			dependencies = (
				C954E5A62C3EAC0B00DCBD64 /* PBXTargetDependency */,
			);
			name = "int-bonprixUITests";
			productName = "int-bonprixUITests";
			productReference = C954E5A42C3EAC0B00DCBD64 /* int-bonprixUITests.xctest */;
			productType = "com.apple.product-type.bundle.ui-testing";
		};
/* End PBXNativeTarget section */

/* Begin PBXProject section */
		C954E5812C3EAC0700DCBD64 /* Project object */ = {
			isa = PBXProject;
			attributes = {
				BuildIndependentTargetsInParallel = 1;
				LastSwiftUpdateCheck = 1540;
				LastUpgradeCheck = 1540;
				TargetAttributes = {
					C954E5882C3EAC0700DCBD64 = {
						CreatedOnToolsVersion = 15.4;
					};
					C954E5992C3EAC0B00DCBD64 = {
						CreatedOnToolsVersion = 15.4;
						TestTargetID = C954E5882C3EAC0700DCBD64;
					};
					C954E5A32C3EAC0B00DCBD64 = {
						CreatedOnToolsVersion = 15.4;
						TestTargetID = C954E5882C3EAC0700DCBD64;
					};
				};
			};
			buildConfigurationList = C954E5842C3EAC0700DCBD64 /* Build configuration list for PBXProject "int-bonprix" */;
			compatibilityVersion = "Xcode 14.0";
			developmentRegion = en;
			hasScannedForEncodings = 0;
			knownRegions = (
				en,
				Base,
			);
			mainGroup = C954E5802C3EAC0700DCBD64;
			productRefGroup = C954E58A2C3EAC0700DCBD64 /* Products */;
			projectDirPath = "";
			projectRoot = "";
			targets = (
				C954E5882C3EAC0700DCBD64 /* int-bonprix */,
				C954E5992C3EAC0B00DCBD64 /* int-bonprixTests */,
				C954E5A32C3EAC0B00DCBD64 /* int-bonprixUITests */,
			);
		};
/* End PBXProject section */

/* Begin PBXResourcesBuildPhase section */
		C954E5872C3EAC0700DCBD64 /* Resources */ = {
			isa = PBXResourcesBuildPhase;
			buildActionMask = 2147483647;
			files = (
				C954E5952C3EAC0B00DCBD64 /* Preview Assets.xcassets in Resources */,
				C954E5912C3EAC0B00DCBD64 /* Assets.xcassets in Resources */,
				C991FF4C2C3EBE6A002FAC05 /* MockProducts.json in Resources */,
			);
			runOnlyForDeploymentPostprocessing = 0;
		};
		C954E5982C3EAC0B00DCBD64 /* Resources */ = {
			isa = PBXResourcesBuildPhase;
			buildActionMask = 2147483647;
			files = (
				C991FF4D2C3EBE6A002FAC05 /* MockProducts.json in Resources */,
			);
			runOnlyForDeploymentPostprocessing = 0;
		};
		C954E5A22C3EAC0B00DCBD64 /* Resources */ = {
			isa = PBXResourcesBuildPhase;
			buildActionMask = 2147483647;
			files = (
			);
			runOnlyForDeploymentPostprocessing = 0;
		};
/* End PBXResourcesBuildPhase section */

/* Begin PBXSourcesBuildPhase section */
		C954E5852C3EAC0700DCBD64 /* Sources */ = {
			isa = PBXSourcesBuildPhase;
			buildActionMask = 2147483647;
			files = (
				1973741C2C40805E00B425C8 /* ProductDetailsView.swift in Sources */,
				C991FF5A2C3EFC9F002FAC05 /* ProductListView.swift in Sources */,
				C991FF6D2C3EFEB1002FAC05 /* ProductCellViewModel.swift in Sources */,
				C996C3BB2C3EB767006C79C6 /* APIEndpoint.swift in Sources */,
				C991FF602C3EFD3F002FAC05 /* Router+ProductList.swift in Sources */,
				C991FF5D2C3EFCC5002FAC05 /* ProductListViewModel.swift in Sources */,
				1973742A2C40A4B000B425C8 /* DescriptionView.swift in Sources */,
				19BF95732C40C7AD00CB7E97 /* FavouriteService.swift in Sources */,
				C996C3BF2C3EB997006C79C6 /* NetworkService.swift in Sources */,
				19BF95702C40C27300CB7E97 /* ProductImageView.swift in Sources */,
				C991FF532C3EC102002FAC05 /* Router.swift in Sources */,
				197374242C40A2C400B425C8 /* PriceView.swift in Sources */,
				C991FF502C3EC0CB002FAC05 /* RouterView.swift in Sources */,
				195616F92C400C4600B80C37 /* ImageService.swift in Sources */,
				C996C3BD2C3EB975006C79C6 /* HTTPService.swift in Sources */,
				1973741F2C40937000B425C8 /* ProductDetailsViewModel.swift in Sources */,
				C991FF632C3EFDC5002FAC05 /* ProductService.swift in Sources */,
				197374272C40A3DE00B425C8 /* VariantsView.swift in Sources */,
				C954E58D2C3EAC0700DCBD64 /* int_bonprixApp.swift in Sources */,
				C991FF662C3EFDDB002FAC05 /* ProductServiceProtocol.swift in Sources */,
				C991FF6A2C3EFE9E002FAC05 /* ProductCellView.swift in Sources */,
				C991FF492C3EBBEF002FAC05 /* Variant.swift in Sources */,
				1973742D2C40A94600B425C8 /* AddToBascketView.swift in Sources */,
				C991FF452C3EBBEF002FAC05 /* Price.swift in Sources */,
				C991FF472C3EBBEF002FAC05 /* Product.swift in Sources */,
			);
			runOnlyForDeploymentPostprocessing = 0;
		};
		C954E5962C3EAC0B00DCBD64 /* Sources */ = {
			isa = PBXSourcesBuildPhase;
			buildActionMask = 2147483647;
			files = (
				C954E59F2C3EAC0B00DCBD64 /* int_bonprixTests.swift in Sources */,
				C991FF4A2C3EBBEF002FAC05 /* Variant.swift in Sources */,
				C991FF5B2C3EFC9F002FAC05 /* ProductListView.swift in Sources */,
				C991FF462C3EBBEF002FAC05 /* Price.swift in Sources */,
				197374252C40A2C400B425C8 /* PriceView.swift in Sources */,
				197374202C40937000B425C8 /* ProductDetailsViewModel.swift in Sources */,
				C9C1BC952C3F0A7B004F603B /* APIEndpoint.swift in Sources */,
				19BF95742C40C7AD00CB7E97 /* FavouriteService.swift in Sources */,
				1973742B2C40A4B000B425C8 /* DescriptionView.swift in Sources */,
				19BF95712C40C27300CB7E97 /* ProductImageView.swift in Sources */,
				C991FF6B2C3EFE9E002FAC05 /* ProductCellView.swift in Sources */,
				C9C1BC972C3F0AAD004F603B /* ProductListViewModelTests.swift in Sources */,
				C991FF482C3EBBEF002FAC05 /* Product.swift in Sources */,
				C991FF672C3EFDDB002FAC05 /* ProductServiceProtocol.swift in Sources */,
				C9C1BC942C3F0A1C004F603B /* ProductListMockService.swift in Sources */,
				C991FF542C3EC103002FAC05 /* Router.swift in Sources */,
				C991FF612C3EFD3F002FAC05 /* Router+ProductList.swift in Sources */,
				C991FF5E2C3EFCC5002FAC05 /* ProductListViewModel.swift in Sources */,
				197374282C40A3DE00B425C8 /* VariantsView.swift in Sources */,
				195616FA2C400C4600B80C37 /* ImageService.swift in Sources */,
				C991FF512C3EC0CB002FAC05 /* RouterView.swift in Sources */,
				C991FF642C3EFDC5002FAC05 /* ProductService.swift in Sources */,
				1973742E2C40A94600B425C8 /* AddToBascketView.swift in Sources */,
				C991FF6E2C3EFEB1002FAC05 /* ProductCellViewModel.swift in Sources */,
				1973741D2C40805E00B425C8 /* ProductDetailsView.swift in Sources */,
			);
			runOnlyForDeploymentPostprocessing = 0;
		};
		C954E5A02C3EAC0B00DCBD64 /* Sources */ = {
			isa = PBXSourcesBuildPhase;
			buildActionMask = 2147483647;
			files = (
				C954E5A92C3EAC0B00DCBD64 /* int_bonprixUITests.swift in Sources */,
				C954E5AB2C3EAC0B00DCBD64 /* int_bonprixUITestsLaunchTests.swift in Sources */,
			);
			runOnlyForDeploymentPostprocessing = 0;
		};
/* End PBXSourcesBuildPhase section */

/* Begin PBXTargetDependency section */
		C954E59C2C3EAC0B00DCBD64 /* PBXTargetDependency */ = {
			isa = PBXTargetDependency;
			target = C954E5882C3EAC0700DCBD64 /* int-bonprix */;
			targetProxy = C954E59B2C3EAC0B00DCBD64 /* PBXContainerItemProxy */;
		};
		C954E5A62C3EAC0B00DCBD64 /* PBXTargetDependency */ = {
			isa = PBXTargetDependency;
			target = C954E5882C3EAC0700DCBD64 /* int-bonprix */;
			targetProxy = C954E5A52C3EAC0B00DCBD64 /* PBXContainerItemProxy */;
		};
/* End PBXTargetDependency section */

/* Begin XCBuildConfiguration section */
		C954E5AC2C3EAC0B00DCBD64 /* Debug */ = {
			isa = XCBuildConfiguration;
			buildSettings = {
				ALWAYS_SEARCH_USER_PATHS = NO;
				ASSETCATALOG_COMPILER_GENERATE_SWIFT_ASSET_SYMBOL_EXTENSIONS = YES;
				CLANG_ANALYZER_NONNULL = YES;
				CLANG_ANALYZER_NUMBER_OBJECT_CONVERSION = YES_AGGRESSIVE;
				CLANG_CXX_LANGUAGE_STANDARD = "gnu++20";
				CLANG_ENABLE_MODULES = YES;
				CLANG_ENABLE_OBJC_ARC = YES;
				CLANG_ENABLE_OBJC_WEAK = YES;
				CLANG_WARN_BLOCK_CAPTURE_AUTORELEASING = YES;
				CLANG_WARN_BOOL_CONVERSION = YES;
				CLANG_WARN_COMMA = YES;
				CLANG_WARN_CONSTANT_CONVERSION = YES;
				CLANG_WARN_DEPRECATED_OBJC_IMPLEMENTATIONS = YES;
				CLANG_WARN_DIRECT_OBJC_ISA_USAGE = YES_ERROR;
				CLANG_WARN_DOCUMENTATION_COMMENTS = YES;
				CLANG_WARN_EMPTY_BODY = YES;
				CLANG_WARN_ENUM_CONVERSION = YES;
				CLANG_WARN_INFINITE_RECURSION = YES;
				CLANG_WARN_INT_CONVERSION = YES;
				CLANG_WARN_NON_LITERAL_NULL_CONVERSION = YES;
				CLANG_WARN_OBJC_IMPLICIT_RETAIN_SELF = YES;
				CLANG_WARN_OBJC_LITERAL_CONVERSION = YES;
				CLANG_WARN_OBJC_ROOT_CLASS = YES_ERROR;
				CLANG_WARN_QUOTED_INCLUDE_IN_FRAMEWORK_HEADER = YES;
				CLANG_WARN_RANGE_LOOP_ANALYSIS = YES;
				CLANG_WARN_STRICT_PROTOTYPES = YES;
				CLANG_WARN_SUSPICIOUS_MOVE = YES;
				CLANG_WARN_UNGUARDED_AVAILABILITY = YES_AGGRESSIVE;
				CLANG_WARN_UNREACHABLE_CODE = YES;
				CLANG_WARN__DUPLICATE_METHOD_MATCH = YES;
				COPY_PHASE_STRIP = NO;
				DEBUG_INFORMATION_FORMAT = dwarf;
				ENABLE_STRICT_OBJC_MSGSEND = YES;
				ENABLE_TESTABILITY = YES;
				ENABLE_USER_SCRIPT_SANDBOXING = YES;
				GCC_C_LANGUAGE_STANDARD = gnu17;
				GCC_DYNAMIC_NO_PIC = NO;
				GCC_NO_COMMON_BLOCKS = YES;
				GCC_OPTIMIZATION_LEVEL = 0;
				GCC_PREPROCESSOR_DEFINITIONS = (
					"DEBUG=1",
					"$(inherited)",
				);
				GCC_WARN_64_TO_32_BIT_CONVERSION = YES;
				GCC_WARN_ABOUT_RETURN_TYPE = YES_ERROR;
				GCC_WARN_UNDECLARED_SELECTOR = YES;
				GCC_WARN_UNINITIALIZED_AUTOS = YES_AGGRESSIVE;
				GCC_WARN_UNUSED_FUNCTION = YES;
				GCC_WARN_UNUSED_VARIABLE = YES;
				LOCALIZATION_PREFERS_STRING_CATALOGS = YES;
				MTL_ENABLE_DEBUG_INFO = INCLUDE_SOURCE;
				MTL_FAST_MATH = YES;
				ONLY_ACTIVE_ARCH = YES;
				SWIFT_ACTIVE_COMPILATION_CONDITIONS = "DEBUG $(inherited)";
				SWIFT_OPTIMIZATION_LEVEL = "-Onone";
			};
			name = Debug;
		};
		C954E5AD2C3EAC0B00DCBD64 /* Release */ = {
			isa = XCBuildConfiguration;
			buildSettings = {
				ALWAYS_SEARCH_USER_PATHS = NO;
				ASSETCATALOG_COMPILER_GENERATE_SWIFT_ASSET_SYMBOL_EXTENSIONS = YES;
				CLANG_ANALYZER_NONNULL = YES;
				CLANG_ANALYZER_NUMBER_OBJECT_CONVERSION = YES_AGGRESSIVE;
				CLANG_CXX_LANGUAGE_STANDARD = "gnu++20";
				CLANG_ENABLE_MODULES = YES;
				CLANG_ENABLE_OBJC_ARC = YES;
				CLANG_ENABLE_OBJC_WEAK = YES;
				CLANG_WARN_BLOCK_CAPTURE_AUTORELEASING = YES;
				CLANG_WARN_BOOL_CONVERSION = YES;
				CLANG_WARN_COMMA = YES;
				CLANG_WARN_CONSTANT_CONVERSION = YES;
				CLANG_WARN_DEPRECATED_OBJC_IMPLEMENTATIONS = YES;
				CLANG_WARN_DIRECT_OBJC_ISA_USAGE = YES_ERROR;
				CLANG_WARN_DOCUMENTATION_COMMENTS = YES;
				CLANG_WARN_EMPTY_BODY = YES;
				CLANG_WARN_ENUM_CONVERSION = YES;
				CLANG_WARN_INFINITE_RECURSION = YES;
				CLANG_WARN_INT_CONVERSION = YES;
				CLANG_WARN_NON_LITERAL_NULL_CONVERSION = YES;
				CLANG_WARN_OBJC_IMPLICIT_RETAIN_SELF = YES;
				CLANG_WARN_OBJC_LITERAL_CONVERSION = YES;
				CLANG_WARN_OBJC_ROOT_CLASS = YES_ERROR;
				CLANG_WARN_QUOTED_INCLUDE_IN_FRAMEWORK_HEADER = YES;
				CLANG_WARN_RANGE_LOOP_ANALYSIS = YES;
				CLANG_WARN_STRICT_PROTOTYPES = YES;
				CLANG_WARN_SUSPICIOUS_MOVE = YES;
				CLANG_WARN_UNGUARDED_AVAILABILITY = YES_AGGRESSIVE;
				CLANG_WARN_UNREACHABLE_CODE = YES;
				CLANG_WARN__DUPLICATE_METHOD_MATCH = YES;
				COPY_PHASE_STRIP = NO;
				DEBUG_INFORMATION_FORMAT = "dwarf-with-dsym";
				ENABLE_NS_ASSERTIONS = NO;
				ENABLE_STRICT_OBJC_MSGSEND = YES;
				ENABLE_USER_SCRIPT_SANDBOXING = YES;
				GCC_C_LANGUAGE_STANDARD = gnu17;
				GCC_NO_COMMON_BLOCKS = YES;
				GCC_WARN_64_TO_32_BIT_CONVERSION = YES;
				GCC_WARN_ABOUT_RETURN_TYPE = YES_ERROR;
				GCC_WARN_UNDECLARED_SELECTOR = YES;
				GCC_WARN_UNINITIALIZED_AUTOS = YES_AGGRESSIVE;
				GCC_WARN_UNUSED_FUNCTION = YES;
				GCC_WARN_UNUSED_VARIABLE = YES;
				LOCALIZATION_PREFERS_STRING_CATALOGS = YES;
				MTL_ENABLE_DEBUG_INFO = NO;
				MTL_FAST_MATH = YES;
				SWIFT_COMPILATION_MODE = wholemodule;
			};
			name = Release;
		};
		C954E5AF2C3EAC0B00DCBD64 /* Debug */ = {
			isa = XCBuildConfiguration;
			buildSettings = {
				ASSETCATALOG_COMPILER_APPICON_NAME = AppIcon;
				ASSETCATALOG_COMPILER_GLOBAL_ACCENT_COLOR_NAME = AccentColor;
				CODE_SIGN_ENTITLEMENTS = "int-bonprix/int_bonprix.entitlements";
				CODE_SIGN_STYLE = Automatic;
				CURRENT_PROJECT_VERSION = 1;
				DEVELOPMENT_ASSET_PATHS = "\"int-bonprix/Preview Content\"";
				DEVELOPMENT_TEAM = 8NCTK3T989;
				ENABLE_HARDENED_RUNTIME = YES;
				ENABLE_PREVIEWS = YES;
				GENERATE_INFOPLIST_FILE = YES;
				"INFOPLIST_KEY_UIApplicationSceneManifest_Generation[sdk=iphoneos*]" = YES;
				"INFOPLIST_KEY_UIApplicationSceneManifest_Generation[sdk=iphonesimulator*]" = YES;
				"INFOPLIST_KEY_UIApplicationSupportsIndirectInputEvents[sdk=iphoneos*]" = YES;
				"INFOPLIST_KEY_UIApplicationSupportsIndirectInputEvents[sdk=iphonesimulator*]" = YES;
				"INFOPLIST_KEY_UILaunchScreen_Generation[sdk=iphoneos*]" = YES;
				"INFOPLIST_KEY_UILaunchScreen_Generation[sdk=iphonesimulator*]" = YES;
				"INFOPLIST_KEY_UIStatusBarStyle[sdk=iphoneos*]" = UIStatusBarStyleDefault;
				"INFOPLIST_KEY_UIStatusBarStyle[sdk=iphonesimulator*]" = UIStatusBarStyleDefault;
				INFOPLIST_KEY_UISupportedInterfaceOrientations = UIInterfaceOrientationPortrait;
				IPHONEOS_DEPLOYMENT_TARGET = 16.0;
				LD_RUNPATH_SEARCH_PATHS = "@executable_path/Frameworks";
				"LD_RUNPATH_SEARCH_PATHS[sdk=macosx*]" = "@executable_path/../Frameworks";
				MACOSX_DEPLOYMENT_TARGET = 14.5;
				MARKETING_VERSION = 1.0;
				PRODUCT_BUNDLE_IDENTIFIER = "com.syntaxerror.int-bonprix";
				PRODUCT_NAME = "$(TARGET_NAME)";
				SDKROOT = auto;
				SUPPORTED_PLATFORMS = "iphoneos iphonesimulator";
				SUPPORTS_MACCATALYST = NO;
				SWIFT_EMIT_LOC_STRINGS = YES;
				SWIFT_VERSION = 5.0;
				TARGETED_DEVICE_FAMILY = "1,2";
			};
			name = Debug;
		};
		C954E5B02C3EAC0B00DCBD64 /* Release */ = {
			isa = XCBuildConfiguration;
			buildSettings = {
				ASSETCATALOG_COMPILER_APPICON_NAME = AppIcon;
				ASSETCATALOG_COMPILER_GLOBAL_ACCENT_COLOR_NAME = AccentColor;
				CODE_SIGN_ENTITLEMENTS = "int-bonprix/int_bonprix.entitlements";
				CODE_SIGN_STYLE = Automatic;
				CURRENT_PROJECT_VERSION = 1;
				DEVELOPMENT_ASSET_PATHS = "\"int-bonprix/Preview Content\"";
				DEVELOPMENT_TEAM = 8NCTK3T989;
				ENABLE_HARDENED_RUNTIME = YES;
				ENABLE_PREVIEWS = YES;
				GENERATE_INFOPLIST_FILE = YES;
				"INFOPLIST_KEY_UIApplicationSceneManifest_Generation[sdk=iphoneos*]" = YES;
				"INFOPLIST_KEY_UIApplicationSceneManifest_Generation[sdk=iphonesimulator*]" = YES;
				"INFOPLIST_KEY_UIApplicationSupportsIndirectInputEvents[sdk=iphoneos*]" = YES;
				"INFOPLIST_KEY_UIApplicationSupportsIndirectInputEvents[sdk=iphonesimulator*]" = YES;
				"INFOPLIST_KEY_UILaunchScreen_Generation[sdk=iphoneos*]" = YES;
				"INFOPLIST_KEY_UILaunchScreen_Generation[sdk=iphonesimulator*]" = YES;
				"INFOPLIST_KEY_UIStatusBarStyle[sdk=iphoneos*]" = UIStatusBarStyleDefault;
				"INFOPLIST_KEY_UIStatusBarStyle[sdk=iphonesimulator*]" = UIStatusBarStyleDefault;
				INFOPLIST_KEY_UISupportedInterfaceOrientations = UIInterfaceOrientationPortrait;
				IPHONEOS_DEPLOYMENT_TARGET = 16.0;
				LD_RUNPATH_SEARCH_PATHS = "@executable_path/Frameworks";
				"LD_RUNPATH_SEARCH_PATHS[sdk=macosx*]" = "@executable_path/../Frameworks";
				MACOSX_DEPLOYMENT_TARGET = 14.5;
				MARKETING_VERSION = 1.0;
				PRODUCT_BUNDLE_IDENTIFIER = "com.syntaxerror.int-bonprix";
				PRODUCT_NAME = "$(TARGET_NAME)";
				SDKROOT = auto;
				SUPPORTED_PLATFORMS = "iphoneos iphonesimulator";
				SUPPORTS_MACCATALYST = NO;
				SWIFT_EMIT_LOC_STRINGS = YES;
				SWIFT_VERSION = 5.0;
				TARGETED_DEVICE_FAMILY = "1,2";
			};
			name = Release;
		};
		C954E5B22C3EAC0B00DCBD64 /* Debug */ = {
			isa = XCBuildConfiguration;
			buildSettings = {
				ALWAYS_EMBED_SWIFT_STANDARD_LIBRARIES = YES;
				BUNDLE_LOADER = "$(TEST_HOST)";
				CODE_SIGN_STYLE = Automatic;
				CURRENT_PROJECT_VERSION = 1;
				DEVELOPMENT_TEAM = 8NCTK3T989;
				GENERATE_INFOPLIST_FILE = YES;
				IPHONEOS_DEPLOYMENT_TARGET = 17.5;
				MACOSX_DEPLOYMENT_TARGET = 14.5;
				MARKETING_VERSION = 1.0;
				PRODUCT_BUNDLE_IDENTIFIER = "com.syntaxerror.int-bonprixTests";
				PRODUCT_NAME = "$(TARGET_NAME)";
				SDKROOT = auto;
				SUPPORTED_PLATFORMS = "iphoneos iphonesimulator macosx";
				SWIFT_EMIT_LOC_STRINGS = NO;
				SWIFT_VERSION = 5.0;
				TARGETED_DEVICE_FAMILY = "1,2";
				TEST_HOST = "$(BUILT_PRODUCTS_DIR)/int-bonprix.app/$(BUNDLE_EXECUTABLE_FOLDER_PATH)/int-bonprix";
			};
			name = Debug;
		};
		C954E5B32C3EAC0B00DCBD64 /* Release */ = {
			isa = XCBuildConfiguration;
			buildSettings = {
				ALWAYS_EMBED_SWIFT_STANDARD_LIBRARIES = YES;
				BUNDLE_LOADER = "$(TEST_HOST)";
				CODE_SIGN_STYLE = Automatic;
				CURRENT_PROJECT_VERSION = 1;
				DEVELOPMENT_TEAM = 8NCTK3T989;
				GENERATE_INFOPLIST_FILE = YES;
				IPHONEOS_DEPLOYMENT_TARGET = 17.5;
				MACOSX_DEPLOYMENT_TARGET = 14.5;
				MARKETING_VERSION = 1.0;
				PRODUCT_BUNDLE_IDENTIFIER = "com.syntaxerror.int-bonprixTests";
				PRODUCT_NAME = "$(TARGET_NAME)";
				SDKROOT = auto;
				SUPPORTED_PLATFORMS = "iphoneos iphonesimulator macosx";
				SWIFT_EMIT_LOC_STRINGS = NO;
				SWIFT_VERSION = 5.0;
				TARGETED_DEVICE_FAMILY = "1,2";
				TEST_HOST = "$(BUILT_PRODUCTS_DIR)/int-bonprix.app/$(BUNDLE_EXECUTABLE_FOLDER_PATH)/int-bonprix";
			};
			name = Release;
		};
		C954E5B52C3EAC0B00DCBD64 /* Debug */ = {
			isa = XCBuildConfiguration;
			buildSettings = {
				ALWAYS_EMBED_SWIFT_STANDARD_LIBRARIES = YES;
				CODE_SIGN_STYLE = Automatic;
				CURRENT_PROJECT_VERSION = 1;
				DEVELOPMENT_TEAM = 8NCTK3T989;
				GENERATE_INFOPLIST_FILE = YES;
				IPHONEOS_DEPLOYMENT_TARGET = 17.5;
				MACOSX_DEPLOYMENT_TARGET = 14.5;
				MARKETING_VERSION = 1.0;
				PRODUCT_BUNDLE_IDENTIFIER = "com.syntaxerror.int-bonprixUITests";
				PRODUCT_NAME = "$(TARGET_NAME)";
				SDKROOT = auto;
				SUPPORTED_PLATFORMS = "iphoneos iphonesimulator macosx";
				SWIFT_EMIT_LOC_STRINGS = NO;
				SWIFT_VERSION = 5.0;
				TARGETED_DEVICE_FAMILY = "1,2";
				TEST_TARGET_NAME = "int-bonprix";
			};
			name = Debug;
		};
		C954E5B62C3EAC0B00DCBD64 /* Release */ = {
			isa = XCBuildConfiguration;
			buildSettings = {
				ALWAYS_EMBED_SWIFT_STANDARD_LIBRARIES = YES;
				CODE_SIGN_STYLE = Automatic;
				CURRENT_PROJECT_VERSION = 1;
				DEVELOPMENT_TEAM = 8NCTK3T989;
				GENERATE_INFOPLIST_FILE = YES;
				IPHONEOS_DEPLOYMENT_TARGET = 17.5;
				MACOSX_DEPLOYMENT_TARGET = 14.5;
				MARKETING_VERSION = 1.0;
				PRODUCT_BUNDLE_IDENTIFIER = "com.syntaxerror.int-bonprixUITests";
				PRODUCT_NAME = "$(TARGET_NAME)";
				SDKROOT = auto;
				SUPPORTED_PLATFORMS = "iphoneos iphonesimulator macosx";
				SWIFT_EMIT_LOC_STRINGS = NO;
				SWIFT_VERSION = 5.0;
				TARGETED_DEVICE_FAMILY = "1,2";
				TEST_TARGET_NAME = "int-bonprix";
			};
			name = Release;
		};
/* End XCBuildConfiguration section */

/* Begin XCConfigurationList section */
		C954E5842C3EAC0700DCBD64 /* Build configuration list for PBXProject "int-bonprix" */ = {
			isa = XCConfigurationList;
			buildConfigurations = (
				C954E5AC2C3EAC0B00DCBD64 /* Debug */,
				C954E5AD2C3EAC0B00DCBD64 /* Release */,
			);
			defaultConfigurationIsVisible = 0;
			defaultConfigurationName = Release;
		};
		C954E5AE2C3EAC0B00DCBD64 /* Build configuration list for PBXNativeTarget "int-bonprix" */ = {
			isa = XCConfigurationList;
			buildConfigurations = (
				C954E5AF2C3EAC0B00DCBD64 /* Debug */,
				C954E5B02C3EAC0B00DCBD64 /* Release */,
			);
			defaultConfigurationIsVisible = 0;
			defaultConfigurationName = Release;
		};
		C954E5B12C3EAC0B00DCBD64 /* Build configuration list for PBXNativeTarget "int-bonprixTests" */ = {
			isa = XCConfigurationList;
			buildConfigurations = (
				C954E5B22C3EAC0B00DCBD64 /* Debug */,
				C954E5B32C3EAC0B00DCBD64 /* Release */,
			);
			defaultConfigurationIsVisible = 0;
			defaultConfigurationName = Release;
		};
		C954E5B42C3EAC0B00DCBD64 /* Build configuration list for PBXNativeTarget "int-bonprixUITests" */ = {
			isa = XCConfigurationList;
			buildConfigurations = (
				C954E5B52C3EAC0B00DCBD64 /* Debug */,
				C954E5B62C3EAC0B00DCBD64 /* Release */,
			);
			defaultConfigurationIsVisible = 0;
			defaultConfigurationName = Release;
		};
/* End XCConfigurationList section */
	};
	rootObject = C954E5812C3EAC0700DCBD64 /* Project object */;
}
